
Microsoft Visual Studio Solution File, Format Version 11.00
# Visual Studio 2010
Project("{2150E333-8FDC-42A3-9474-1A3956D46DE8}") = "__Build_Utilities", "__Build_Utilities", "{7AC4D197-535A-4686-8E21-18257B2ADB3A}"
	ProjectSection(SolutionItems) = preProject
		..\InstallGems.bat = ..\InstallGems.bat
		..\rakefile.rb = ..\rakefile.rb
	EndProjectSection
EndProject
Project("{FAE04EC0-301F-11D3-BF4B-00C04F79EFBC}") = "AssemblyPackage", "AssemblyPackage\AssemblyPackage.csproj", "{99DBA82A-E811-4DA0-983C-12E8317F8642}"
EndProject
Project("{FAE04EC0-301F-11D3-BF4B-00C04F79EFBC}") = "Bottles", "Bottles\Bottles.csproj", "{E208A2B1-31B0-4455-BA16-3D79F5887ECE}"
EndProject
Project("{FAE04EC0-301F-11D3-BF4B-00C04F79EFBC}") = "Bottles.Tests", "Bottles.Tests\Bottles.Tests.csproj", "{C6CE4324-3E5A-48C8-900E-10833AC01BDC}"
EndProject
Project("{FAE04EC0-301F-11D3-BF4B-00C04F79EFBC}") = "Milkman", "Milkman\Milkman.csproj", "{665AEFFB-7582-484F-8C77-8310B1AE55F2}"
EndProject
Project("{FAE04EC0-301F-11D3-BF4B-00C04F79EFBC}") = "Bottles.Host", "Bottles.Host\Bottles.Host.csproj", "{0008611A-8192-4A00-B6A2-BD34E946C55D}"
EndProject
Project("{FAE04EC0-301F-11D3-BF4B-00C04F79EFBC}") = "SampleBottleService", "SampleBottleService\SampleBottleService.csproj", "{5692BDED-37BE-4686-89D8-E4A52DBDC1FB}"
EndProject
Project("{FAE04EC0-301F-11D3-BF4B-00C04F79EFBC}") = "Bottles.Console", "Bottles.Console\Bottles.Console.csproj", "{2B4DB712-DEB9-4EEC-B7AD-0CAE306AB042}"
EndProject
Project("{FAE04EC0-301F-11D3-BF4B-00C04F79EFBC}") = "BottleDeployers2", "BottleDeployers2\BottleDeployers2.csproj", "{0FFD21CA-4B9B-4C72-91B2-91A3F44D4151}"
EndProject
Project("{FAE04EC0-301F-11D3-BF4B-00C04F79EFBC}") = "BottleDeployers1", "BottleDeployers1\BottleDeployers1.csproj", "{A1BFF74B-3E5C-4342-B065-99D0C08664D5}"
EndProject
Project("{FAE04EC0-301F-11D3-BF4B-00C04F79EFBC}") = "Milkman.Deployers.Topshelf", "Bottles.Deployers.Topshelf\Milkman.Deployers.Topshelf.csproj", "{1508B697-B748-4D1A-B5F8-ABD967DB4ED5}"
EndProject
Project("{FAE04EC0-301F-11D3-BF4B-00C04F79EFBC}") = "Bottles.Deployers.Iis", "Bottles.Deployers.Iis\Bottles.Deployers.Iis.csproj", "{607F7461-947C-42D7-A4CA-379199A74E6B}"
EndProject
Project("{2150E333-8FDC-42A3-9474-1A3956D46DE8}") = "TestProjects", "TestProjects", "{703DCA45-AAA6-4E6C-BC08-61678551B57D}"
EndProject
Project("{FAE04EC0-301F-11D3-BF4B-00C04F79EFBC}") = "Bottles.Storyteller", "Bottles.Storyteller\Bottles.Storyteller.csproj", "{609019BD-8FA1-495E-B8E1-2F0E237EFF34}"
EndProject
Project("{FAE04EC0-301F-11D3-BF4B-00C04F79EFBC}") = "Bottles.Host.Packaging", "Bottles.Host.Packaging\Bottles.Host.Packaging.csproj", "{3EB7B41A-CE35-495B-9845-036B0013A6F6}"
EndProject
Project("{2150E333-8FDC-42A3-9474-1A3956D46DE8}") = "Milkman", "Milkman", "{73CA038F-0F7D-43E6-9180-B62346B465C3}"
EndProject
Global
	GlobalSection(SolutionConfigurationPlatforms) = preSolution
		Debug|Any CPU = Debug|Any CPU
		Debug|Mixed Platforms = Debug|Mixed Platforms
		Debug|x86 = Debug|x86
		Release|Any CPU = Release|Any CPU
		Release|Mixed Platforms = Release|Mixed Platforms
		Release|x86 = Release|x86
		Retail|Any CPU = Retail|Any CPU
		Retail|Mixed Platforms = Retail|Mixed Platforms
		Retail|x86 = Retail|x86
	EndGlobalSection
	GlobalSection(ProjectConfigurationPlatforms) = postSolution
		{99DBA82A-E811-4DA0-983C-12E8317F8642}.Debug|Any CPU.ActiveCfg = Debug|Any CPU
		{99DBA82A-E811-4DA0-983C-12E8317F8642}.Debug|Any CPU.Build.0 = Debug|Any CPU
		{99DBA82A-E811-4DA0-983C-12E8317F8642}.Debug|Mixed Platforms.ActiveCfg = Debug|Any CPU
		{99DBA82A-E811-4DA0-983C-12E8317F8642}.Debug|Mixed Platforms.Build.0 = Debug|Any CPU
		{99DBA82A-E811-4DA0-983C-12E8317F8642}.Debug|x86.ActiveCfg = Debug|Any CPU
		{99DBA82A-E811-4DA0-983C-12E8317F8642}.Release|Any CPU.ActiveCfg = Release|Any CPU
		{99DBA82A-E811-4DA0-983C-12E8317F8642}.Release|Any CPU.Build.0 = Release|Any CPU
		{99DBA82A-E811-4DA0-983C-12E8317F8642}.Release|Mixed Platforms.ActiveCfg = Release|Any CPU
		{99DBA82A-E811-4DA0-983C-12E8317F8642}.Release|Mixed Platforms.Build.0 = Release|Any CPU
		{99DBA82A-E811-4DA0-983C-12E8317F8642}.Release|x86.ActiveCfg = Release|Any CPU
		{99DBA82A-E811-4DA0-983C-12E8317F8642}.Retail|Any CPU.ActiveCfg = Release|Any CPU
		{99DBA82A-E811-4DA0-983C-12E8317F8642}.Retail|Any CPU.Build.0 = Release|Any CPU
		{99DBA82A-E811-4DA0-983C-12E8317F8642}.Retail|Mixed Platforms.ActiveCfg = Release|Any CPU
		{99DBA82A-E811-4DA0-983C-12E8317F8642}.Retail|Mixed Platforms.Build.0 = Release|Any CPU
		{99DBA82A-E811-4DA0-983C-12E8317F8642}.Retail|x86.ActiveCfg = Release|Any CPU
		{E208A2B1-31B0-4455-BA16-3D79F5887ECE}.Debug|Any CPU.ActiveCfg = Debug|Any CPU
		{E208A2B1-31B0-4455-BA16-3D79F5887ECE}.Debug|Any CPU.Build.0 = Debug|Any CPU
		{E208A2B1-31B0-4455-BA16-3D79F5887ECE}.Debug|Mixed Platforms.ActiveCfg = Debug|Any CPU
		{E208A2B1-31B0-4455-BA16-3D79F5887ECE}.Debug|Mixed Platforms.Build.0 = Debug|Any CPU
		{E208A2B1-31B0-4455-BA16-3D79F5887ECE}.Debug|x86.ActiveCfg = Debug|Any CPU
		{E208A2B1-31B0-4455-BA16-3D79F5887ECE}.Release|Any CPU.ActiveCfg = Release|Any CPU
		{E208A2B1-31B0-4455-BA16-3D79F5887ECE}.Release|Any CPU.Build.0 = Release|Any CPU
		{E208A2B1-31B0-4455-BA16-3D79F5887ECE}.Release|Mixed Platforms.ActiveCfg = Release|Any CPU
		{E208A2B1-31B0-4455-BA16-3D79F5887ECE}.Release|Mixed Platforms.Build.0 = Release|Any CPU
		{E208A2B1-31B0-4455-BA16-3D79F5887ECE}.Release|x86.ActiveCfg = Release|Any CPU
		{E208A2B1-31B0-4455-BA16-3D79F5887ECE}.Retail|Any CPU.ActiveCfg = Release|Any CPU
		{E208A2B1-31B0-4455-BA16-3D79F5887ECE}.Retail|Any CPU.Build.0 = Release|Any CPU
		{E208A2B1-31B0-4455-BA16-3D79F5887ECE}.Retail|Mixed Platforms.ActiveCfg = Release|Any CPU
		{E208A2B1-31B0-4455-BA16-3D79F5887ECE}.Retail|Mixed Platforms.Build.0 = Release|Any CPU
		{E208A2B1-31B0-4455-BA16-3D79F5887ECE}.Retail|x86.ActiveCfg = Release|Any CPU
		{C6CE4324-3E5A-48C8-900E-10833AC01BDC}.Debug|Any CPU.ActiveCfg = Debug|Any CPU
		{C6CE4324-3E5A-48C8-900E-10833AC01BDC}.Debug|Any CPU.Build.0 = Debug|Any CPU
		{C6CE4324-3E5A-48C8-900E-10833AC01BDC}.Debug|Mixed Platforms.ActiveCfg = Debug|Any CPU
		{C6CE4324-3E5A-48C8-900E-10833AC01BDC}.Debug|Mixed Platforms.Build.0 = Debug|Any CPU
		{C6CE4324-3E5A-48C8-900E-10833AC01BDC}.Debug|x86.ActiveCfg = Debug|Any CPU
		{C6CE4324-3E5A-48C8-900E-10833AC01BDC}.Release|Any CPU.ActiveCfg = Release|Any CPU
		{C6CE4324-3E5A-48C8-900E-10833AC01BDC}.Release|Any CPU.Build.0 = Release|Any CPU
		{C6CE4324-3E5A-48C8-900E-10833AC01BDC}.Release|Mixed Platforms.ActiveCfg = Release|Any CPU
		{C6CE4324-3E5A-48C8-900E-10833AC01BDC}.Release|Mixed Platforms.Build.0 = Release|Any CPU
		{C6CE4324-3E5A-48C8-900E-10833AC01BDC}.Release|x86.ActiveCfg = Release|Any CPU
		{C6CE4324-3E5A-48C8-900E-10833AC01BDC}.Retail|Any CPU.ActiveCfg = Release|Any CPU
		{C6CE4324-3E5A-48C8-900E-10833AC01BDC}.Retail|Any CPU.Build.0 = Release|Any CPU
		{C6CE4324-3E5A-48C8-900E-10833AC01BDC}.Retail|Mixed Platforms.ActiveCfg = Release|Any CPU
		{C6CE4324-3E5A-48C8-900E-10833AC01BDC}.Retail|Mixed Platforms.Build.0 = Release|Any CPU
		{C6CE4324-3E5A-48C8-900E-10833AC01BDC}.Retail|x86.ActiveCfg = Release|Any CPU
		{665AEFFB-7582-484F-8C77-8310B1AE55F2}.Debug|Any CPU.ActiveCfg = Debug|Any CPU
		{665AEFFB-7582-484F-8C77-8310B1AE55F2}.Debug|Any CPU.Build.0 = Debug|Any CPU
		{665AEFFB-7582-484F-8C77-8310B1AE55F2}.Debug|Mixed Platforms.ActiveCfg = Debug|Any CPU
		{665AEFFB-7582-484F-8C77-8310B1AE55F2}.Debug|Mixed Platforms.Build.0 = Debug|Any CPU
		{665AEFFB-7582-484F-8C77-8310B1AE55F2}.Debug|x86.ActiveCfg = Debug|Any CPU
		{665AEFFB-7582-484F-8C77-8310B1AE55F2}.Release|Any CPU.ActiveCfg = Release|Any CPU
		{665AEFFB-7582-484F-8C77-8310B1AE55F2}.Release|Any CPU.Build.0 = Release|Any CPU
		{665AEFFB-7582-484F-8C77-8310B1AE55F2}.Release|Mixed Platforms.ActiveCfg = Release|Any CPU
		{665AEFFB-7582-484F-8C77-8310B1AE55F2}.Release|Mixed Platforms.Build.0 = Release|Any CPU
		{665AEFFB-7582-484F-8C77-8310B1AE55F2}.Release|x86.ActiveCfg = Release|Any CPU
		{665AEFFB-7582-484F-8C77-8310B1AE55F2}.Retail|Any CPU.ActiveCfg = Release|Any CPU
		{665AEFFB-7582-484F-8C77-8310B1AE55F2}.Retail|Any CPU.Build.0 = Release|Any CPU
		{665AEFFB-7582-484F-8C77-8310B1AE55F2}.Retail|Mixed Platforms.ActiveCfg = Release|Any CPU
		{665AEFFB-7582-484F-8C77-8310B1AE55F2}.Retail|Mixed Platforms.Build.0 = Release|Any CPU
		{665AEFFB-7582-484F-8C77-8310B1AE55F2}.Retail|x86.ActiveCfg = Release|Any CPU
		{0008611A-8192-4A00-B6A2-BD34E946C55D}.Debug|Any CPU.ActiveCfg = Debug|x86
		{0008611A-8192-4A00-B6A2-BD34E946C55D}.Debug|Any CPU.Build.0 = Debug|x86
		{0008611A-8192-4A00-B6A2-BD34E946C55D}.Debug|Mixed Platforms.ActiveCfg = Debug|x86
		{0008611A-8192-4A00-B6A2-BD34E946C55D}.Debug|Mixed Platforms.Build.0 = Debug|x86
		{0008611A-8192-4A00-B6A2-BD34E946C55D}.Debug|x86.ActiveCfg = Debug|x86
		{0008611A-8192-4A00-B6A2-BD34E946C55D}.Debug|x86.Build.0 = Debug|x86
		{0008611A-8192-4A00-B6A2-BD34E946C55D}.Release|Any CPU.ActiveCfg = Release|x86
		{0008611A-8192-4A00-B6A2-BD34E946C55D}.Release|Mixed Platforms.ActiveCfg = Release|x86
		{0008611A-8192-4A00-B6A2-BD34E946C55D}.Release|Mixed Platforms.Build.0 = Release|x86
		{0008611A-8192-4A00-B6A2-BD34E946C55D}.Release|x86.ActiveCfg = Release|x86
		{0008611A-8192-4A00-B6A2-BD34E946C55D}.Release|x86.Build.0 = Release|x86
		{0008611A-8192-4A00-B6A2-BD34E946C55D}.Retail|Any CPU.ActiveCfg = Release|x86
		{0008611A-8192-4A00-B6A2-BD34E946C55D}.Retail|Mixed Platforms.ActiveCfg = Release|x86
		{0008611A-8192-4A00-B6A2-BD34E946C55D}.Retail|Mixed Platforms.Build.0 = Release|x86
		{0008611A-8192-4A00-B6A2-BD34E946C55D}.Retail|x86.ActiveCfg = Release|x86
		{0008611A-8192-4A00-B6A2-BD34E946C55D}.Retail|x86.Build.0 = Release|x86
		{5692BDED-37BE-4686-89D8-E4A52DBDC1FB}.Debug|Any CPU.ActiveCfg = Debug|Any CPU
		{5692BDED-37BE-4686-89D8-E4A52DBDC1FB}.Debug|Any CPU.Build.0 = Debug|Any CPU
		{5692BDED-37BE-4686-89D8-E4A52DBDC1FB}.Debug|Mixed Platforms.ActiveCfg = Debug|Any CPU
		{5692BDED-37BE-4686-89D8-E4A52DBDC1FB}.Debug|Mixed Platforms.Build.0 = Debug|Any CPU
		{5692BDED-37BE-4686-89D8-E4A52DBDC1FB}.Debug|x86.ActiveCfg = Debug|Any CPU
		{5692BDED-37BE-4686-89D8-E4A52DBDC1FB}.Release|Any CPU.ActiveCfg = Release|Any CPU
		{5692BDED-37BE-4686-89D8-E4A52DBDC1FB}.Release|Any CPU.Build.0 = Release|Any CPU
		{5692BDED-37BE-4686-89D8-E4A52DBDC1FB}.Release|Mixed Platforms.ActiveCfg = Release|Any CPU
		{5692BDED-37BE-4686-89D8-E4A52DBDC1FB}.Release|Mixed Platforms.Build.0 = Release|Any CPU
		{5692BDED-37BE-4686-89D8-E4A52DBDC1FB}.Release|x86.ActiveCfg = Release|Any CPU
		{5692BDED-37BE-4686-89D8-E4A52DBDC1FB}.Retail|Any CPU.ActiveCfg = Release|Any CPU
		{5692BDED-37BE-4686-89D8-E4A52DBDC1FB}.Retail|Any CPU.Build.0 = Release|Any CPU
		{5692BDED-37BE-4686-89D8-E4A52DBDC1FB}.Retail|Mixed Platforms.ActiveCfg = Release|Any CPU
		{5692BDED-37BE-4686-89D8-E4A52DBDC1FB}.Retail|Mixed Platforms.Build.0 = Release|Any CPU
		{5692BDED-37BE-4686-89D8-E4A52DBDC1FB}.Retail|x86.ActiveCfg = Release|Any CPU
		{2B4DB712-DEB9-4EEC-B7AD-0CAE306AB042}.Debug|Any CPU.ActiveCfg = Debug|x86
		{2B4DB712-DEB9-4EEC-B7AD-0CAE306AB042}.Debug|Any CPU.Build.0 = Debug|x86
		{2B4DB712-DEB9-4EEC-B7AD-0CAE306AB042}.Debug|Mixed Platforms.ActiveCfg = Debug|x86
		{2B4DB712-DEB9-4EEC-B7AD-0CAE306AB042}.Debug|Mixed Platforms.Build.0 = Debug|x86
		{2B4DB712-DEB9-4EEC-B7AD-0CAE306AB042}.Debug|x86.ActiveCfg = Debug|x86
		{2B4DB712-DEB9-4EEC-B7AD-0CAE306AB042}.Debug|x86.Build.0 = Debug|x86
		{2B4DB712-DEB9-4EEC-B7AD-0CAE306AB042}.Release|Any CPU.ActiveCfg = Release|x86
		{2B4DB712-DEB9-4EEC-B7AD-0CAE306AB042}.Release|Mixed Platforms.ActiveCfg = Release|x86
		{2B4DB712-DEB9-4EEC-B7AD-0CAE306AB042}.Release|Mixed Platforms.Build.0 = Release|x86
		{2B4DB712-DEB9-4EEC-B7AD-0CAE306AB042}.Release|x86.ActiveCfg = Release|x86
		{2B4DB712-DEB9-4EEC-B7AD-0CAE306AB042}.Release|x86.Build.0 = Release|x86
		{2B4DB712-DEB9-4EEC-B7AD-0CAE306AB042}.Retail|Any CPU.ActiveCfg = Release|x86
		{2B4DB712-DEB9-4EEC-B7AD-0CAE306AB042}.Retail|Mixed Platforms.ActiveCfg = Release|x86
		{2B4DB712-DEB9-4EEC-B7AD-0CAE306AB042}.Retail|Mixed Platforms.Build.0 = Release|x86
		{2B4DB712-DEB9-4EEC-B7AD-0CAE306AB042}.Retail|x86.ActiveCfg = Release|x86
		{2B4DB712-DEB9-4EEC-B7AD-0CAE306AB042}.Retail|x86.Build.0 = Release|x86
		{0FFD21CA-4B9B-4C72-91B2-91A3F44D4151}.Debug|Any CPU.ActiveCfg = Debug|Any CPU
		{0FFD21CA-4B9B-4C72-91B2-91A3F44D4151}.Debug|Any CPU.Build.0 = Debug|Any CPU
		{0FFD21CA-4B9B-4C72-91B2-91A3F44D4151}.Debug|Mixed Platforms.ActiveCfg = Debug|Any CPU
		{0FFD21CA-4B9B-4C72-91B2-91A3F44D4151}.Debug|Mixed Platforms.Build.0 = Debug|Any CPU
		{0FFD21CA-4B9B-4C72-91B2-91A3F44D4151}.Debug|x86.ActiveCfg = Debug|Any CPU
		{0FFD21CA-4B9B-4C72-91B2-91A3F44D4151}.Release|Any CPU.ActiveCfg = Release|Any CPU
		{0FFD21CA-4B9B-4C72-91B2-91A3F44D4151}.Release|Any CPU.Build.0 = Release|Any CPU
		{0FFD21CA-4B9B-4C72-91B2-91A3F44D4151}.Release|Mixed Platforms.ActiveCfg = Release|Any CPU
		{0FFD21CA-4B9B-4C72-91B2-91A3F44D4151}.Release|Mixed Platforms.Build.0 = Release|Any CPU
		{0FFD21CA-4B9B-4C72-91B2-91A3F44D4151}.Release|x86.ActiveCfg = Release|Any CPU
		{0FFD21CA-4B9B-4C72-91B2-91A3F44D4151}.Retail|Any CPU.ActiveCfg = Release|Any CPU
		{0FFD21CA-4B9B-4C72-91B2-91A3F44D4151}.Retail|Any CPU.Build.0 = Release|Any CPU
		{0FFD21CA-4B9B-4C72-91B2-91A3F44D4151}.Retail|Mixed Platforms.ActiveCfg = Release|Any CPU
		{0FFD21CA-4B9B-4C72-91B2-91A3F44D4151}.Retail|Mixed Platforms.Build.0 = Release|Any CPU
		{0FFD21CA-4B9B-4C72-91B2-91A3F44D4151}.Retail|x86.ActiveCfg = Release|Any CPU
		{A1BFF74B-3E5C-4342-B065-99D0C08664D5}.Debug|Any CPU.ActiveCfg = Debug|Any CPU
		{A1BFF74B-3E5C-4342-B065-99D0C08664D5}.Debug|Any CPU.Build.0 = Debug|Any CPU
		{A1BFF74B-3E5C-4342-B065-99D0C08664D5}.Debug|Mixed Platforms.ActiveCfg = Debug|Any CPU
		{A1BFF74B-3E5C-4342-B065-99D0C08664D5}.Debug|Mixed Platforms.Build.0 = Debug|Any CPU
		{A1BFF74B-3E5C-4342-B065-99D0C08664D5}.Debug|x86.ActiveCfg = Debug|Any CPU
		{A1BFF74B-3E5C-4342-B065-99D0C08664D5}.Release|Any CPU.ActiveCfg = Release|Any CPU
		{A1BFF74B-3E5C-4342-B065-99D0C08664D5}.Release|Any CPU.Build.0 = Release|Any CPU
		{A1BFF74B-3E5C-4342-B065-99D0C08664D5}.Release|Mixed Platforms.ActiveCfg = Release|Any CPU
		{A1BFF74B-3E5C-4342-B065-99D0C08664D5}.Release|Mixed Platforms.Build.0 = Release|Any CPU
		{A1BFF74B-3E5C-4342-B065-99D0C08664D5}.Release|x86.ActiveCfg = Release|Any CPU
		{A1BFF74B-3E5C-4342-B065-99D0C08664D5}.Retail|Any CPU.ActiveCfg = Release|Any CPU
		{A1BFF74B-3E5C-4342-B065-99D0C08664D5}.Retail|Any CPU.Build.0 = Release|Any CPU
		{A1BFF74B-3E5C-4342-B065-99D0C08664D5}.Retail|Mixed Platforms.ActiveCfg = Release|Any CPU
		{A1BFF74B-3E5C-4342-B065-99D0C08664D5}.Retail|Mixed Platforms.Build.0 = Release|Any CPU
		{A1BFF74B-3E5C-4342-B065-99D0C08664D5}.Retail|x86.ActiveCfg = Release|Any CPU
		{1508B697-B748-4D1A-B5F8-ABD967DB4ED5}.Debug|Any CPU.ActiveCfg = Debug|Any CPU
		{1508B697-B748-4D1A-B5F8-ABD967DB4ED5}.Debug|Any CPU.Build.0 = Debug|Any CPU
		{1508B697-B748-4D1A-B5F8-ABD967DB4ED5}.Debug|Mixed Platforms.ActiveCfg = Debug|Any CPU
		{1508B697-B748-4D1A-B5F8-ABD967DB4ED5}.Debug|Mixed Platforms.Build.0 = Debug|Any CPU
		{1508B697-B748-4D1A-B5F8-ABD967DB4ED5}.Debug|x86.ActiveCfg = Debug|Any CPU
		{1508B697-B748-4D1A-B5F8-ABD967DB4ED5}.Release|Any CPU.ActiveCfg = Release|Any CPU
		{1508B697-B748-4D1A-B5F8-ABD967DB4ED5}.Release|Any CPU.Build.0 = Release|Any CPU
		{1508B697-B748-4D1A-B5F8-ABD967DB4ED5}.Release|Mixed Platforms.ActiveCfg = Release|Any CPU
		{1508B697-B748-4D1A-B5F8-ABD967DB4ED5}.Release|Mixed Platforms.Build.0 = Release|Any CPU
		{1508B697-B748-4D1A-B5F8-ABD967DB4ED5}.Release|x86.ActiveCfg = Release|Any CPU
		{1508B697-B748-4D1A-B5F8-ABD967DB4ED5}.Retail|Any CPU.ActiveCfg = Release|Any CPU
		{1508B697-B748-4D1A-B5F8-ABD967DB4ED5}.Retail|Any CPU.Build.0 = Release|Any CPU
		{1508B697-B748-4D1A-B5F8-ABD967DB4ED5}.Retail|Mixed Platforms.ActiveCfg = Release|Any CPU
		{1508B697-B748-4D1A-B5F8-ABD967DB4ED5}.Retail|Mixed Platforms.Build.0 = Release|Any CPU
		{1508B697-B748-4D1A-B5F8-ABD967DB4ED5}.Retail|x86.ActiveCfg = Release|Any CPU
		{607F7461-947C-42D7-A4CA-379199A74E6B}.Debug|Any CPU.ActiveCfg = Debug|Any CPU
		{607F7461-947C-42D7-A4CA-379199A74E6B}.Debug|Any CPU.Build.0 = Debug|Any CPU
		{607F7461-947C-42D7-A4CA-379199A74E6B}.Debug|Mixed Platforms.ActiveCfg = Debug|Any CPU
		{607F7461-947C-42D7-A4CA-379199A74E6B}.Debug|Mixed Platforms.Build.0 = Debug|Any CPU
		{607F7461-947C-42D7-A4CA-379199A74E6B}.Debug|x86.ActiveCfg = Debug|Any CPU
		{607F7461-947C-42D7-A4CA-379199A74E6B}.Release|Any CPU.ActiveCfg = Release|Any CPU
		{607F7461-947C-42D7-A4CA-379199A74E6B}.Release|Any CPU.Build.0 = Release|Any CPU
		{607F7461-947C-42D7-A4CA-379199A74E6B}.Release|Mixed Platforms.ActiveCfg = Release|Any CPU
		{607F7461-947C-42D7-A4CA-379199A74E6B}.Release|Mixed Platforms.Build.0 = Release|Any CPU
		{607F7461-947C-42D7-A4CA-379199A74E6B}.Release|x86.ActiveCfg = Release|Any CPU
		{607F7461-947C-42D7-A4CA-379199A74E6B}.Retail|Any CPU.ActiveCfg = Release|Any CPU
		{607F7461-947C-42D7-A4CA-379199A74E6B}.Retail|Any CPU.Build.0 = Release|Any CPU
		{607F7461-947C-42D7-A4CA-379199A74E6B}.Retail|Mixed Platforms.ActiveCfg = Release|Any CPU
		{607F7461-947C-42D7-A4CA-379199A74E6B}.Retail|Mixed Platforms.Build.0 = Release|Any CPU
		{607F7461-947C-42D7-A4CA-379199A74E6B}.Retail|x86.ActiveCfg = Release|Any CPU
		{609019BD-8FA1-495E-B8E1-2F0E237EFF34}.Debug|Any CPU.ActiveCfg = Debug|Any CPU
		{609019BD-8FA1-495E-B8E1-2F0E237EFF34}.Debug|Any CPU.Build.0 = Debug|Any CPU
		{609019BD-8FA1-495E-B8E1-2F0E237EFF34}.Debug|Mixed Platforms.ActiveCfg = Debug|Any CPU
		{609019BD-8FA1-495E-B8E1-2F0E237EFF34}.Debug|Mixed Platforms.Build.0 = Debug|Any CPU
		{609019BD-8FA1-495E-B8E1-2F0E237EFF34}.Debug|x86.ActiveCfg = Debug|Any CPU
		{609019BD-8FA1-495E-B8E1-2F0E237EFF34}.Release|Any CPU.ActiveCfg = Release|Any CPU
		{609019BD-8FA1-495E-B8E1-2F0E237EFF34}.Release|Any CPU.Build.0 = Release|Any CPU
		{609019BD-8FA1-495E-B8E1-2F0E237EFF34}.Release|Mixed Platforms.ActiveCfg = Release|Any CPU
		{609019BD-8FA1-495E-B8E1-2F0E237EFF34}.Release|Mixed Platforms.Build.0 = Release|Any CPU
		{609019BD-8FA1-495E-B8E1-2F0E237EFF34}.Release|x86.ActiveCfg = Release|Any CPU
		{609019BD-8FA1-495E-B8E1-2F0E237EFF34}.Retail|Any CPU.ActiveCfg = Release|Any CPU
		{609019BD-8FA1-495E-B8E1-2F0E237EFF34}.Retail|Any CPU.Build.0 = Release|Any CPU
		{609019BD-8FA1-495E-B8E1-2F0E237EFF34}.Retail|Mixed Platforms.ActiveCfg = Release|Any CPU
		{609019BD-8FA1-495E-B8E1-2F0E237EFF34}.Retail|Mixed Platforms.Build.0 = Release|Any CPU
		{609019BD-8FA1-495E-B8E1-2F0E237EFF34}.Retail|x86.ActiveCfg = Release|Any CPU
		{3EB7B41A-CE35-495B-9845-036B0013A6F6}.Debug|Any CPU.ActiveCfg = Debug|Any CPU
		{3EB7B41A-CE35-495B-9845-036B0013A6F6}.Debug|Any CPU.Build.0 = Debug|Any CPU
		{3EB7B41A-CE35-495B-9845-036B0013A6F6}.Debug|Mixed Platforms.ActiveCfg = Debug|Any CPU
		{3EB7B41A-CE35-495B-9845-036B0013A6F6}.Debug|Mixed Platforms.Build.0 = Debug|Any CPU
		{3EB7B41A-CE35-495B-9845-036B0013A6F6}.Debug|x86.ActiveCfg = Debug|Any CPU
		{3EB7B41A-CE35-495B-9845-036B0013A6F6}.Release|Any CPU.ActiveCfg = Release|Any CPU
		{3EB7B41A-CE35-495B-9845-036B0013A6F6}.Release|Any CPU.Build.0 = Release|Any CPU
		{3EB7B41A-CE35-495B-9845-036B0013A6F6}.Release|Mixed Platforms.ActiveCfg = Release|Any CPU
		{3EB7B41A-CE35-495B-9845-036B0013A6F6}.Release|Mixed Platforms.Build.0 = Release|Any CPU
		{3EB7B41A-CE35-495B-9845-036B0013A6F6}.Release|x86.ActiveCfg = Release|Any CPU
		{3EB7B41A-CE35-495B-9845-036B0013A6F6}.Retail|Any CPU.ActiveCfg = Release|Any CPU
		{3EB7B41A-CE35-495B-9845-036B0013A6F6}.Retail|Any CPU.Build.0 = Release|Any CPU
		{3EB7B41A-CE35-495B-9845-036B0013A6F6}.Retail|Mixed Platforms.ActiveCfg = Release|Any CPU
		{3EB7B41A-CE35-495B-9845-036B0013A6F6}.Retail|Mixed Platforms.Build.0 = Release|Any CPU
		{3EB7B41A-CE35-495B-9845-036B0013A6F6}.Retail|x86.ActiveCfg = Release|Any CPU
	EndGlobalSection
	GlobalSection(SolutionProperties) = preSolution
		HideSolutionNode = FALSE
	EndGlobalSection
	GlobalSection(NestedProjects) = preSolution
		{5692BDED-37BE-4686-89D8-E4A52DBDC1FB} = {703DCA45-AAA6-4E6C-BC08-61678551B57D}
		{0FFD21CA-4B9B-4C72-91B2-91A3F44D4151} = {703DCA45-AAA6-4E6C-BC08-61678551B57D}
		{A1BFF74B-3E5C-4342-B065-99D0C08664D5} = {703DCA45-AAA6-4E6C-BC08-61678551B57D}
		{99DBA82A-E811-4DA0-983C-12E8317F8642} = {703DCA45-AAA6-4E6C-BC08-61678551B57D}
		{1508B697-B748-4D1A-B5F8-ABD967DB4ED5} = {73CA038F-0F7D-43E6-9180-B62346B465C3}
		{607F7461-947C-42D7-A4CA-379199A74E6B} = {73CA038F-0F7D-43E6-9180-B62346B465C3}
		{665AEFFB-7582-484F-8C77-8310B1AE55F2} = {73CA038F-0F7D-43E6-9180-B62346B465C3}
	EndGlobalSection
EndGlobal
