
Microsoft Visual Studio Solution File, Format Version 11.00
# Visual Studio 2010
Project("{FAE04EC0-301F-11D3-BF4B-00C04F79EFBC}") = "AssemblyPackage", "AssemblyPackage\AssemblyPackage.csproj", "{99DBA82A-E811-4DA0-983C-12E8317F8642}"
EndProject
Project("{FAE04EC0-301F-11D3-BF4B-00C04F79EFBC}") = "Bottles", "Bottles\Bottles.csproj", "{E208A2B1-31B0-4455-BA16-3D79F5887ECE}"
EndProject
Project("{FAE04EC0-301F-11D3-BF4B-00C04F79EFBC}") = "Bottles.Tests", "Bottles.Tests\Bottles.Tests.csproj", "{C6CE4324-3E5A-48C8-900E-10833AC01BDC}"
EndProject
Project("{FAE04EC0-301F-11D3-BF4B-00C04F79EFBC}") = "Bottles.Console", "Bottles.Console\Bottles.Console.csproj", "{2B4DB712-DEB9-4EEC-B7AD-0CAE306AB042}"
EndProject
Project("{2150E333-8FDC-42A3-9474-1A3956D46DE8}") = "TestProjects", "TestProjects", "{703DCA45-AAA6-4E6C-BC08-61678551B57D}"
EndProject
Project("{FAE04EC0-301F-11D3-BF4B-00C04F79EFBC}") = "AttributeMarkedBottle", "AttributeMarkedBottle\AttributeMarkedBottle.csproj", "{F9B9C686-EA25-4BD1-8794-87524604C7C3}"
EndProject
Project("{FAE04EC0-301F-11D3-BF4B-00C04F79EFBC}") = "Bottles.IntegrationTesting", "Bottles.IntegrationTesting\Bottles.IntegrationTesting.csproj", "{46E8F359-EB7B-40A8-949C-BD4E755903D9}"
EndProject
Project("{FAE04EC0-301F-11D3-BF4B-00C04F79EFBC}") = "Bottles.Docs", "Bottles.Docs\Bottles.Docs.csproj", "{0637CB99-A3F4-4F51-AFA9-1B5B074DD7A8}"
EndProject
Project("{FAE04EC0-301F-11D3-BF4B-00C04F79EFBC}") = "SampleService", "SampleService\SampleService.csproj", "{EDDD686C-2DB1-411C-833F-ABAFCAE5498D}"
EndProject
Global
	GlobalSection(SolutionConfigurationPlatforms) = preSolution
		Debug|Any CPU = Debug|Any CPU
		Debug|Mixed Platforms = Debug|Mixed Platforms
		Debug|x86 = Debug|x86
		Release|Any CPU = Release|Any CPU
		Release|Mixed Platforms = Release|Mixed Platforms
		Release|x86 = Release|x86
		Retail|Any CPU = Retail|Any CPU
		Retail|Mixed Platforms = Retail|Mixed Platforms
		Retail|x86 = Retail|x86
	EndGlobalSection
	GlobalSection(ProjectConfigurationPlatforms) = postSolution
		{99DBA82A-E811-4DA0-983C-12E8317F8642}.Debug|Any CPU.ActiveCfg = Debug|Any CPU
		{99DBA82A-E811-4DA0-983C-12E8317F8642}.Debug|Any CPU.Build.0 = Debug|Any CPU
		{99DBA82A-E811-4DA0-983C-12E8317F8642}.Debug|Mixed Platforms.ActiveCfg = Debug|Any CPU
		{99DBA82A-E811-4DA0-983C-12E8317F8642}.Debug|Mixed Platforms.Build.0 = Debug|Any CPU
		{99DBA82A-E811-4DA0-983C-12E8317F8642}.Debug|x86.ActiveCfg = Debug|Any CPU
		{99DBA82A-E811-4DA0-983C-12E8317F8642}.Release|Any CPU.ActiveCfg = Release|Any CPU
		{99DBA82A-E811-4DA0-983C-12E8317F8642}.Release|Any CPU.Build.0 = Release|Any CPU
		{99DBA82A-E811-4DA0-983C-12E8317F8642}.Release|Mixed Platforms.ActiveCfg = Release|Any CPU
		{99DBA82A-E811-4DA0-983C-12E8317F8642}.Release|Mixed Platforms.Build.0 = Release|Any CPU
		{99DBA82A-E811-4DA0-983C-12E8317F8642}.Release|x86.ActiveCfg = Release|Any CPU
		{99DBA82A-E811-4DA0-983C-12E8317F8642}.Retail|Any CPU.ActiveCfg = Release|Any CPU
		{99DBA82A-E811-4DA0-983C-12E8317F8642}.Retail|Any CPU.Build.0 = Release|Any CPU
		{99DBA82A-E811-4DA0-983C-12E8317F8642}.Retail|Mixed Platforms.ActiveCfg = Release|Any CPU
		{99DBA82A-E811-4DA0-983C-12E8317F8642}.Retail|Mixed Platforms.Build.0 = Release|Any CPU
		{99DBA82A-E811-4DA0-983C-12E8317F8642}.Retail|x86.ActiveCfg = Release|Any CPU
		{E208A2B1-31B0-4455-BA16-3D79F5887ECE}.Debug|Any CPU.ActiveCfg = Debug|Any CPU
		{E208A2B1-31B0-4455-BA16-3D79F5887ECE}.Debug|Any CPU.Build.0 = Debug|Any CPU
		{E208A2B1-31B0-4455-BA16-3D79F5887ECE}.Debug|Mixed Platforms.ActiveCfg = Debug|Any CPU
		{E208A2B1-31B0-4455-BA16-3D79F5887ECE}.Debug|Mixed Platforms.Build.0 = Debug|Any CPU
		{E208A2B1-31B0-4455-BA16-3D79F5887ECE}.Debug|x86.ActiveCfg = Debug|Any CPU
		{E208A2B1-31B0-4455-BA16-3D79F5887ECE}.Release|Any CPU.ActiveCfg = Release|Any CPU
		{E208A2B1-31B0-4455-BA16-3D79F5887ECE}.Release|Any CPU.Build.0 = Release|Any CPU
		{E208A2B1-31B0-4455-BA16-3D79F5887ECE}.Release|Mixed Platforms.ActiveCfg = Release|Any CPU
		{E208A2B1-31B0-4455-BA16-3D79F5887ECE}.Release|Mixed Platforms.Build.0 = Release|Any CPU
		{E208A2B1-31B0-4455-BA16-3D79F5887ECE}.Release|x86.ActiveCfg = Release|Any CPU
		{E208A2B1-31B0-4455-BA16-3D79F5887ECE}.Retail|Any CPU.ActiveCfg = Release|Any CPU
		{E208A2B1-31B0-4455-BA16-3D79F5887ECE}.Retail|Any CPU.Build.0 = Release|Any CPU
		{E208A2B1-31B0-4455-BA16-3D79F5887ECE}.Retail|Mixed Platforms.ActiveCfg = Release|Any CPU
		{E208A2B1-31B0-4455-BA16-3D79F5887ECE}.Retail|Mixed Platforms.Build.0 = Release|Any CPU
		{E208A2B1-31B0-4455-BA16-3D79F5887ECE}.Retail|x86.ActiveCfg = Release|Any CPU
		{C6CE4324-3E5A-48C8-900E-10833AC01BDC}.Debug|Any CPU.ActiveCfg = Debug|Any CPU
		{C6CE4324-3E5A-48C8-900E-10833AC01BDC}.Debug|Any CPU.Build.0 = Debug|Any CPU
		{C6CE4324-3E5A-48C8-900E-10833AC01BDC}.Debug|Mixed Platforms.ActiveCfg = Debug|Any CPU
		{C6CE4324-3E5A-48C8-900E-10833AC01BDC}.Debug|Mixed Platforms.Build.0 = Debug|Any CPU
		{C6CE4324-3E5A-48C8-900E-10833AC01BDC}.Debug|x86.ActiveCfg = Debug|Any CPU
		{C6CE4324-3E5A-48C8-900E-10833AC01BDC}.Release|Any CPU.ActiveCfg = Release|Any CPU
		{C6CE4324-3E5A-48C8-900E-10833AC01BDC}.Release|Any CPU.Build.0 = Release|Any CPU
		{C6CE4324-3E5A-48C8-900E-10833AC01BDC}.Release|Mixed Platforms.ActiveCfg = Release|Any CPU
		{C6CE4324-3E5A-48C8-900E-10833AC01BDC}.Release|Mixed Platforms.Build.0 = Release|Any CPU
		{C6CE4324-3E5A-48C8-900E-10833AC01BDC}.Release|x86.ActiveCfg = Release|Any CPU
		{C6CE4324-3E5A-48C8-900E-10833AC01BDC}.Retail|Any CPU.ActiveCfg = Release|Any CPU
		{C6CE4324-3E5A-48C8-900E-10833AC01BDC}.Retail|Any CPU.Build.0 = Release|Any CPU
		{C6CE4324-3E5A-48C8-900E-10833AC01BDC}.Retail|Mixed Platforms.ActiveCfg = Release|Any CPU
		{C6CE4324-3E5A-48C8-900E-10833AC01BDC}.Retail|Mixed Platforms.Build.0 = Release|Any CPU
		{C6CE4324-3E5A-48C8-900E-10833AC01BDC}.Retail|x86.ActiveCfg = Release|Any CPU
		{2B4DB712-DEB9-4EEC-B7AD-0CAE306AB042}.Debug|Any CPU.ActiveCfg = Debug|x86
		{2B4DB712-DEB9-4EEC-B7AD-0CAE306AB042}.Debug|Any CPU.Build.0 = Debug|x86
		{2B4DB712-DEB9-4EEC-B7AD-0CAE306AB042}.Debug|Mixed Platforms.ActiveCfg = Debug|x86
		{2B4DB712-DEB9-4EEC-B7AD-0CAE306AB042}.Debug|Mixed Platforms.Build.0 = Debug|x86
		{2B4DB712-DEB9-4EEC-B7AD-0CAE306AB042}.Debug|x86.ActiveCfg = Debug|x86
		{2B4DB712-DEB9-4EEC-B7AD-0CAE306AB042}.Debug|x86.Build.0 = Debug|x86
		{2B4DB712-DEB9-4EEC-B7AD-0CAE306AB042}.Release|Any CPU.ActiveCfg = Release|x86
		{2B4DB712-DEB9-4EEC-B7AD-0CAE306AB042}.Release|Mixed Platforms.ActiveCfg = Release|x86
		{2B4DB712-DEB9-4EEC-B7AD-0CAE306AB042}.Release|Mixed Platforms.Build.0 = Release|x86
		{2B4DB712-DEB9-4EEC-B7AD-0CAE306AB042}.Release|x86.ActiveCfg = Release|x86
		{2B4DB712-DEB9-4EEC-B7AD-0CAE306AB042}.Release|x86.Build.0 = Release|x86
		{2B4DB712-DEB9-4EEC-B7AD-0CAE306AB042}.Retail|Any CPU.ActiveCfg = Release|x86
		{2B4DB712-DEB9-4EEC-B7AD-0CAE306AB042}.Retail|Mixed Platforms.ActiveCfg = Release|x86
		{2B4DB712-DEB9-4EEC-B7AD-0CAE306AB042}.Retail|Mixed Platforms.Build.0 = Release|x86
		{2B4DB712-DEB9-4EEC-B7AD-0CAE306AB042}.Retail|x86.ActiveCfg = Release|x86
		{2B4DB712-DEB9-4EEC-B7AD-0CAE306AB042}.Retail|x86.Build.0 = Release|x86
		{F9B9C686-EA25-4BD1-8794-87524604C7C3}.Debug|Any CPU.ActiveCfg = Debug|Any CPU
		{F9B9C686-EA25-4BD1-8794-87524604C7C3}.Debug|Any CPU.Build.0 = Debug|Any CPU
		{F9B9C686-EA25-4BD1-8794-87524604C7C3}.Debug|Mixed Platforms.ActiveCfg = Debug|Any CPU
		{F9B9C686-EA25-4BD1-8794-87524604C7C3}.Debug|Mixed Platforms.Build.0 = Debug|Any CPU
		{F9B9C686-EA25-4BD1-8794-87524604C7C3}.Debug|x86.ActiveCfg = Debug|Any CPU
		{F9B9C686-EA25-4BD1-8794-87524604C7C3}.Release|Any CPU.ActiveCfg = Release|Any CPU
		{F9B9C686-EA25-4BD1-8794-87524604C7C3}.Release|Any CPU.Build.0 = Release|Any CPU
		{F9B9C686-EA25-4BD1-8794-87524604C7C3}.Release|Mixed Platforms.ActiveCfg = Release|Any CPU
		{F9B9C686-EA25-4BD1-8794-87524604C7C3}.Release|Mixed Platforms.Build.0 = Release|Any CPU
		{F9B9C686-EA25-4BD1-8794-87524604C7C3}.Release|x86.ActiveCfg = Release|Any CPU
		{F9B9C686-EA25-4BD1-8794-87524604C7C3}.Retail|Any CPU.ActiveCfg = Release|Any CPU
		{F9B9C686-EA25-4BD1-8794-87524604C7C3}.Retail|Any CPU.Build.0 = Release|Any CPU
		{F9B9C686-EA25-4BD1-8794-87524604C7C3}.Retail|Mixed Platforms.ActiveCfg = Release|Any CPU
		{F9B9C686-EA25-4BD1-8794-87524604C7C3}.Retail|Mixed Platforms.Build.0 = Release|Any CPU
		{F9B9C686-EA25-4BD1-8794-87524604C7C3}.Retail|x86.ActiveCfg = Release|Any CPU
		{46E8F359-EB7B-40A8-949C-BD4E755903D9}.Debug|Any CPU.ActiveCfg = Debug|Any CPU
		{46E8F359-EB7B-40A8-949C-BD4E755903D9}.Debug|Any CPU.Build.0 = Debug|Any CPU
		{46E8F359-EB7B-40A8-949C-BD4E755903D9}.Debug|Mixed Platforms.ActiveCfg = Debug|Any CPU
		{46E8F359-EB7B-40A8-949C-BD4E755903D9}.Debug|Mixed Platforms.Build.0 = Debug|Any CPU
		{46E8F359-EB7B-40A8-949C-BD4E755903D9}.Debug|x86.ActiveCfg = Debug|Any CPU
		{46E8F359-EB7B-40A8-949C-BD4E755903D9}.Release|Any CPU.ActiveCfg = Release|Any CPU
		{46E8F359-EB7B-40A8-949C-BD4E755903D9}.Release|Any CPU.Build.0 = Release|Any CPU
		{46E8F359-EB7B-40A8-949C-BD4E755903D9}.Release|Mixed Platforms.ActiveCfg = Release|Any CPU
		{46E8F359-EB7B-40A8-949C-BD4E755903D9}.Release|Mixed Platforms.Build.0 = Release|Any CPU
		{46E8F359-EB7B-40A8-949C-BD4E755903D9}.Release|x86.ActiveCfg = Release|Any CPU
		{46E8F359-EB7B-40A8-949C-BD4E755903D9}.Retail|Any CPU.ActiveCfg = Release|Any CPU
		{46E8F359-EB7B-40A8-949C-BD4E755903D9}.Retail|Any CPU.Build.0 = Release|Any CPU
		{46E8F359-EB7B-40A8-949C-BD4E755903D9}.Retail|Mixed Platforms.ActiveCfg = Release|Any CPU
		{46E8F359-EB7B-40A8-949C-BD4E755903D9}.Retail|Mixed Platforms.Build.0 = Release|Any CPU
		{46E8F359-EB7B-40A8-949C-BD4E755903D9}.Retail|x86.ActiveCfg = Release|Any CPU
		{0637CB99-A3F4-4F51-AFA9-1B5B074DD7A8}.Debug|Any CPU.ActiveCfg = Debug|Any CPU
		{0637CB99-A3F4-4F51-AFA9-1B5B074DD7A8}.Debug|Any CPU.Build.0 = Debug|Any CPU
		{0637CB99-A3F4-4F51-AFA9-1B5B074DD7A8}.Debug|Mixed Platforms.ActiveCfg = Debug|Any CPU
		{0637CB99-A3F4-4F51-AFA9-1B5B074DD7A8}.Debug|Mixed Platforms.Build.0 = Debug|Any CPU
		{0637CB99-A3F4-4F51-AFA9-1B5B074DD7A8}.Debug|x86.ActiveCfg = Debug|Any CPU
		{0637CB99-A3F4-4F51-AFA9-1B5B074DD7A8}.Release|Any CPU.ActiveCfg = Release|Any CPU
		{0637CB99-A3F4-4F51-AFA9-1B5B074DD7A8}.Release|Any CPU.Build.0 = Release|Any CPU
		{0637CB99-A3F4-4F51-AFA9-1B5B074DD7A8}.Release|Mixed Platforms.ActiveCfg = Release|Any CPU
		{0637CB99-A3F4-4F51-AFA9-1B5B074DD7A8}.Release|Mixed Platforms.Build.0 = Release|Any CPU
		{0637CB99-A3F4-4F51-AFA9-1B5B074DD7A8}.Release|x86.ActiveCfg = Release|Any CPU
		{0637CB99-A3F4-4F51-AFA9-1B5B074DD7A8}.Retail|Any CPU.ActiveCfg = Release|Any CPU
		{0637CB99-A3F4-4F51-AFA9-1B5B074DD7A8}.Retail|Any CPU.Build.0 = Release|Any CPU
		{0637CB99-A3F4-4F51-AFA9-1B5B074DD7A8}.Retail|Mixed Platforms.ActiveCfg = Release|Any CPU
		{0637CB99-A3F4-4F51-AFA9-1B5B074DD7A8}.Retail|Mixed Platforms.Build.0 = Release|Any CPU
		{0637CB99-A3F4-4F51-AFA9-1B5B074DD7A8}.Retail|x86.ActiveCfg = Release|Any CPU
		{EDDD686C-2DB1-411C-833F-ABAFCAE5498D}.Debug|Any CPU.ActiveCfg = Debug|Any CPU
		{EDDD686C-2DB1-411C-833F-ABAFCAE5498D}.Debug|Any CPU.Build.0 = Debug|Any CPU
		{EDDD686C-2DB1-411C-833F-ABAFCAE5498D}.Debug|Mixed Platforms.ActiveCfg = Debug|Any CPU
		{EDDD686C-2DB1-411C-833F-ABAFCAE5498D}.Debug|Mixed Platforms.Build.0 = Debug|Any CPU
		{EDDD686C-2DB1-411C-833F-ABAFCAE5498D}.Debug|x86.ActiveCfg = Debug|Any CPU
		{EDDD686C-2DB1-411C-833F-ABAFCAE5498D}.Release|Any CPU.ActiveCfg = Release|Any CPU
		{EDDD686C-2DB1-411C-833F-ABAFCAE5498D}.Release|Any CPU.Build.0 = Release|Any CPU
		{EDDD686C-2DB1-411C-833F-ABAFCAE5498D}.Release|Mixed Platforms.ActiveCfg = Release|Any CPU
		{EDDD686C-2DB1-411C-833F-ABAFCAE5498D}.Release|Mixed Platforms.Build.0 = Release|Any CPU
		{EDDD686C-2DB1-411C-833F-ABAFCAE5498D}.Release|x86.ActiveCfg = Release|Any CPU
		{EDDD686C-2DB1-411C-833F-ABAFCAE5498D}.Retail|Any CPU.ActiveCfg = Release|Any CPU
		{EDDD686C-2DB1-411C-833F-ABAFCAE5498D}.Retail|Any CPU.Build.0 = Release|Any CPU
		{EDDD686C-2DB1-411C-833F-ABAFCAE5498D}.Retail|Mixed Platforms.ActiveCfg = Release|Any CPU
		{EDDD686C-2DB1-411C-833F-ABAFCAE5498D}.Retail|Mixed Platforms.Build.0 = Release|Any CPU
		{EDDD686C-2DB1-411C-833F-ABAFCAE5498D}.Retail|x86.ActiveCfg = Release|Any CPU
	EndGlobalSection
	GlobalSection(SolutionProperties) = preSolution
		HideSolutionNode = FALSE
	EndGlobalSection
	GlobalSection(NestedProjects) = preSolution
		{99DBA82A-E811-4DA0-983C-12E8317F8642} = {703DCA45-AAA6-4E6C-BC08-61678551B57D}
		{F9B9C686-EA25-4BD1-8794-87524604C7C3} = {703DCA45-AAA6-4E6C-BC08-61678551B57D}
	EndGlobalSection
EndGlobal
